
Microsoft Visual Studio Solution File, Format Version 12.00
# Visual Studio Version 16
VisualStudioVersion = 16.0.28531.58
MinimumVisualStudioVersion = 10.0.40219.1
Project("{9A19103F-16F7-4668-BE54-9A1E7A4F7556}") = "SegmentedImageCutter", "SegmentedImageCutter\SegmentedImageCutter.csproj", "{BC39766D-7E7C-4992-8E9A-249516D82875}"
	ProjectSection(ProjectDependencies) = postProject
		{163A8599-3906-40AD-8423-5ECBDDB5AA04} = {163A8599-3906-40AD-8423-5ECBDDB5AA04}
		{AE11F2D4-B3AE-4453-AAA6-8875498B1596} = {AE11F2D4-B3AE-4453-AAA6-8875498B1596}
	EndProjectSection
EndProject
Project("{9A19103F-16F7-4668-BE54-9A1E7A4F7556}") = "SegmentedImageCutter.Menu", "SegmentedImageCutter.Menu\SegmentedImageCutter.Menu.csproj", "{163A8599-3906-40AD-8423-5ECBDDB5AA04}"
EndProject
Project("{9A19103F-16F7-4668-BE54-9A1E7A4F7556}") = "SegmentedImageCutter.Content", "SegmentedImageCutter.Content\SegmentedImageCutter.Content.csproj", "{AE11F2D4-B3AE-4453-AAA6-8875498B1596}"
EndProject
Global
	GlobalSection(SolutionConfigurationPlatforms) = preSolution
		Debug|Any CPU = Debug|Any CPU
		Release|Any CPU = Release|Any CPU
	EndGlobalSection
	GlobalSection(ProjectConfigurationPlatforms) = postSolution
		{BC39766D-7E7C-4992-8E9A-249516D82875}.Debug|Any CPU.ActiveCfg = Debug|Any CPU
		{BC39766D-7E7C-4992-8E9A-249516D82875}.Debug|Any CPU.Build.0 = Debug|Any CPU
		{BC39766D-7E7C-4992-8E9A-249516D82875}.Release|Any CPU.ActiveCfg = Release|Any CPU
		{BC39766D-7E7C-4992-8E9A-249516D82875}.Release|Any CPU.Build.0 = Release|Any CPU
		{163A8599-3906-40AD-8423-5ECBDDB5AA04}.Debug|Any CPU.ActiveCfg = Debug|Any CPU
		{163A8599-3906-40AD-8423-5ECBDDB5AA04}.Debug|Any CPU.Build.0 = Debug|Any CPU
		{163A8599-3906-40AD-8423-5ECBDDB5AA04}.Release|Any CPU.ActiveCfg = Release|Any CPU
		{163A8599-3906-40AD-8423-5ECBDDB5AA04}.Release|Any CPU.Build.0 = Release|Any CPU
		{AE11F2D4-B3AE-4453-AAA6-8875498B1596}.Debug|Any CPU.ActiveCfg = Debug|Any CPU
		{AE11F2D4-B3AE-4453-AAA6-8875498B1596}.Debug|Any CPU.Build.0 = Debug|Any CPU
		{AE11F2D4-B3AE-4453-AAA6-8875498B1596}.Release|Any CPU.ActiveCfg = Release|Any CPU
		{AE11F2D4-B3AE-4453-AAA6-8875498B1596}.Release|Any CPU.Build.0 = Release|Any CPU
	EndGlobalSection
	GlobalSection(SolutionProperties) = preSolution
		HideSolutionNode = FALSE
	EndGlobalSection
	GlobalSection(ExtensibilityGlobals) = postSolution
		SolutionGuid = {4E619E4E-AD89-45A7-A148-30BF079955F6}
	EndGlobalSection
EndGlobal
